
Microsoft Visual Studio Solution File, Format Version 11.00
# Visual Studio 2010
Project("{8BC9CEB8-8B4A-11D0-8D11-00A0C91BC942}") = "Process", "Process\Process.vcxproj", "{1CCB99F9-8D76-491D-A87F-EF7EF02CC7DE}"
EndProject
Global
	GlobalSection(SolutionConfigurationPlatforms) = preSolution
		Debug|Win32 = Debug|Win32
		Release|Win32 = Release|Win32
	EndGlobalSection
	GlobalSection(ProjectConfigurationPlatforms) = postSolution
		{1CCB99F9-8D76-491D-A87F-EF7EF02CC7DE}.Debug|Win32.ActiveCfg = Debug|Win32
		{1CCB99F9-8D76-491D-A87F-EF7EF02CC7DE}.Debug|Win32.Build.0 = Debug|Win32
		{1CCB99F9-8D76-491D-A87F-EF7EF02CC7DE}.Release|Win32.ActiveCfg = Release|Win32
		{1CCB99F9-8D76-491D-A87F-EF7EF02CC7DE}.Release|Win32.Build.0 = Release|Win32
	EndGlobalSection
	GlobalSection(SolutionProperties) = preSolution
		HideSolutionNode = FALSE
	EndGlobalSection
EndGlobal
